{
  "lockfileVersion": 1,
  "configVersion": 1,
  "workspaces": {
    "": {
      "name": "plasmic-google-maps",
      "dependencies": {
        "@vis.gl/react-google-maps": "^1.7.1",
      },
      "devDependencies": {
        "@plasmicapp/loader-react": "^1.0.413",
        "@types/bun": "latest",
        "@types/react": "^19.2.14",
      },
      "peerDependencies": {
        "react": "^18",
        "typescript": "^5",
      },
    },
  },
  "packages": {
    "@plasmicapp/data-sources-context": ["@plasmicapp/data-sources-context@0.1.23", "", { "peerDependencies": { "react": ">=16.8.0" } }, "sha512-F006Wr7s/RD4uCORY9EXYDYKgNUDxhY9qpUgT7a0Nyp9s6rw5qEZbcuMrM8Miy90DK3H5AfSuWaOl1+/pjxKZA=="],

    "@plasmicapp/host": ["@plasmicapp/host@1.0.237", "", { "dependencies": { "@plasmicapp/query": "0.1.83", "csstype": "^3.1.2", "window-or-global": "^1.0.1" }, "peerDependencies": { "react": ">=16.8.0", "react-dom": ">=16.8.0" } }, "sha512-etZqcYgjAdjMVhbABxkbQefMqS+nT7swscgl9lBRfCvmw40kG25GbsIwNz3a6rJEVBx7TfGkRZUgcY2xDxb9Qw=="],

    "@plasmicapp/isomorphic-unfetch": ["@plasmicapp/isomorphic-unfetch@1.0.3", "", { "dependencies": { "unfetch": "^4.2.0" } }, "sha512-cJtPOCf2/FWlFB42Q/n0MK/C47NSZr+YQJbCvQwvyjOrOgOQ4gJ/+gkr4avpMa7UPMa8qLovDAuaR+5k+hMlZQ=="],

    "@plasmicapp/loader-core": ["@plasmicapp/loader-core@1.0.142", "", { "dependencies": { "@plasmicapp/isomorphic-unfetch": "1.0.3", "@plasmicapp/loader-fetcher": "1.0.59" } }, "sha512-JcovHvjfDhK5Y6a4Zb3elxvcsuC0HG8fV6r5120wJ2tojqZ/qe5oSKCGo1FCuNugseHWtVX5h/nO7QhjEfxnJA=="],

    "@plasmicapp/loader-fetcher": ["@plasmicapp/loader-fetcher@1.0.59", "", { "dependencies": { "@plasmicapp/isomorphic-unfetch": "1.0.3" } }, "sha512-4OPbgHCaUgWFqaD351EiLToSE/qFcRdDY5zNstlZ5Mqm9kB1vkOw3/ygVUprKDqaxgrhQSXauWsa1HDPt9fSvA=="],

    "@plasmicapp/loader-react": ["@plasmicapp/loader-react@1.0.413", "", { "dependencies": { "@plasmicapp/data-sources-context": "0.1.23", "@plasmicapp/host": "1.0.237", "@plasmicapp/loader-core": "1.0.142", "@plasmicapp/loader-fetcher": "1.0.59", "@plasmicapp/loader-splits": "1.0.68", "@plasmicapp/prepass": "1.0.23", "@plasmicapp/query": "0.1.83", "pascalcase": "^1.0.0", "server-only": "0.0.1" }, "peerDependencies": { "react": ">=16.8.0", "react-dom": ">=16.8.0" } }, "sha512-RBDpXbspFIG8g+wmeUwNEdvCyJhou9GzGuGrMPM8d6vehIbLyR4p/kD9PRjhObI58/mtYXdsu1rQiNdsP92j/Q=="],

    "@plasmicapp/loader-splits": ["@plasmicapp/loader-splits@1.0.68", "", { "dependencies": { "json-logic-js": "^2.0.2" } }, "sha512-dfmHWQeAStJOF3pJR4ezga98AZBbAoUCX/lK7yQN4c4p3ngN6Qq4uVKoAbrXViQ5+SopVFcQ3G4KPX5xj9Z/HA=="],

    "@plasmicapp/prepass": ["@plasmicapp/prepass@1.0.23", "", { "dependencies": { "@plasmicapp/query": "0.1.83", "@plasmicapp/react-ssr-prepass": "^2.0.9" }, "peerDependencies": { "react": ">=16.8.0", "react-dom": ">=16.8.0" } }, "sha512-4T+dDPdmV7MzTXN9OZ49M7MxTp6hfI+U+R8S2xj4SMP7wYBk4F49I15mzT7Uuma/uo6bGzIipb58DXckNMzJwA=="],

    "@plasmicapp/query": ["@plasmicapp/query@0.1.83", "", { "dependencies": { "swr": "^1.0.0" }, "peerDependencies": { "react": ">=16.8.0" } }, "sha512-4DnrldAB4QJky/IrdeWIFfgmNZMWhIx9VTU8ijwHPHpfLM5dJERH2NxuvfdZIwVa0nfg7b8gxgindA1AeIPJVA=="],

    "@plasmicapp/react-ssr-prepass": ["@plasmicapp/react-ssr-prepass@2.0.9", "", { "peerDependencies": { "react": "^16.8.0 || ^17.0.0 || ^18.0.0" } }, "sha512-HO932uH/Y4otaDmjwzJbCLlokxNAdtU9VhDVUZUuVbzh0DhWaNyn/MINCu1oeZ4a6MIjdXFIm/U2VaxNxHYdsw=="],

    "@types/bun": ["@types/bun@1.3.9", "", { "dependencies": { "bun-types": "1.3.9" } }, "sha512-KQ571yULOdWJiMH+RIWIOZ7B2RXQGpL1YQrBtLIV3FqDcCu6FsbFUBwhdKUlCKUpS3PJDsHlJ1QKlpxoVR+xtw=="],

    "@types/google.maps": ["@types/google.maps@3.58.1", "", {}, "sha512-X9QTSvGJ0nCfMzYOnaVs/k6/4L+7F5uCS+4iUmkLEls6J9S/Phv+m/i3mDeyc49ZBgwab3EFO1HEoBY7k98EGQ=="],

    "@types/node": ["@types/node@25.3.0", "", { "dependencies": { "undici-types": "~7.18.0" } }, "sha512-4K3bqJpXpqfg2XKGK9bpDTc6xO/xoUP/RBWS7AtRMug6zZFaRekiLzjVtAoZMquxoAbzBvy5nxQ7veS5eYzf8A=="],

    "@types/react": ["@types/react@19.2.14", "", { "dependencies": { "csstype": "^3.2.2" } }, "sha512-ilcTH/UniCkMdtexkoCN0bI7pMcJDvmQFPvuPvmEaYA/NSfFTAgdUSLAoVjaRJm7+6PvcM+q1zYOwS4wTYMF9w=="],

    "@vis.gl/react-google-maps": ["@vis.gl/react-google-maps@1.7.1", "", { "dependencies": { "@types/google.maps": "^3.54.10", "fast-deep-equal": "^3.1.3" }, "peerDependencies": { "react": ">=16.8.0 || ^19.0 || ^19.0.0-rc", "react-dom": ">=16.8.0 || ^19.0 || ^19.0.0-rc" } }, "sha512-F/GJzJyri7Jqf+bkLNxoi2RcH2hCIo1I3//PyiILqQzdzglMoqZVO1DLXlHPifNdebk1/zib6dMJA3i73nwmuQ=="],

    "bun-types": ["bun-types@1.3.9", "", { "dependencies": { "@types/node": "*" } }, "sha512-+UBWWOakIP4Tswh0Bt0QD0alpTY8cb5hvgiYeWCMet9YukHbzuruIEeXC2D7nMJPB12kbh8C7XJykSexEqGKJg=="],

    "csstype": ["csstype@3.2.3", "", {}, "sha512-z1HGKcYy2xA8AGQfwrn0PAy+PB7X/GSj3UVJW9qKyn43xWa+gl5nXmU4qqLMRzWVLFC8KusUX8T/0kCiOYpAIQ=="],

    "fast-deep-equal": ["fast-deep-equal@3.1.3", "", {}, "sha512-f3qQ9oQy9j2AhBe/H9VC91wLmKBCCU/gDOnKNAYG5hswO7BLKj09Hc5HYNz9cGI++xlpDCIgDaitVs03ATR84Q=="],

    "json-logic-js": ["json-logic-js@2.0.5", "", {}, "sha512-rTT2+lqcuUmj4DgWfmzupZqQDA64AdmYqizzMPWj3DxGdfFNsxPpcNVSaTj4l8W2tG/+hg7/mQhxjU3aPacO6g=="],

    "pascalcase": ["pascalcase@1.0.0", "", {}, "sha512-BSExi0rRnCHReJys6NocaK+cfTXNinAegfWBvr0JD3hiaEG7Nuc7r0CIdOJunXrs8gU/sbHQ9dxVAtiVQisjmg=="],

    "react": ["react@19.2.4", "", {}, "sha512-9nfp2hYpCwOjAN+8TZFGhtWEwgvWHXqESH8qT89AT/lWklpLON22Lc8pEtnpsZz7VmawabSU0gCjnj8aC0euHQ=="],

    "react-dom": ["react-dom@19.2.4", "", { "dependencies": { "scheduler": "^0.27.0" }, "peerDependencies": { "react": "^19.2.4" } }, "sha512-AXJdLo8kgMbimY95O2aKQqsz2iWi9jMgKJhRBAxECE4IFxfcazB2LmzloIoibJI3C12IlY20+KFaLv+71bUJeQ=="],

    "scheduler": ["scheduler@0.27.0", "", {}, "sha512-eNv+WrVbKu1f3vbYJT/xtiF5syA5HPIMtf9IgY/nKg0sWqzAUEvqY/xm7OcZc/qafLx/iO9FgOmeSAp4v5ti/Q=="],

    "server-only": ["server-only@0.0.1", "", {}, "sha512-qepMx2JxAa5jjfzxG79yPPq+8BuFToHd1hm7kI+Z4zAq1ftQiP7HcxMhDDItrbtwVeLg/cY2JnKnrcFkmiswNA=="],

    "swr": ["swr@1.3.0", "", { "peerDependencies": { "react": "^16.11.0 || ^17.0.0 || ^18.0.0" } }, "sha512-dkghQrOl2ORX9HYrMDtPa7LTVHJjCTeZoB1dqTbnnEDlSvN8JEKpYIYurDfvbQFUUS8Cg8PceFVZNkW0KNNYPw=="],

    "typescript": ["typescript@5.9.3", "", { "bin": { "tsc": "bin/tsc", "tsserver": "bin/tsserver" } }, "sha512-jl1vZzPDinLr9eUt3J/t7V6FgNEw9QjvBPdysz9KfQDD41fQrC2Y4vKQdiaUpFT4bXlb1RHhLpp8wtm6M5TgSw=="],

    "undici-types": ["undici-types@7.18.2", "", {}, "sha512-AsuCzffGHJybSaRrmr5eHr81mwJU3kjw6M+uprWvCXiNeN9SOGwQ3Jn8jb8m3Z6izVgknn1R0FTCEAP2QrLY/w=="],

    "unfetch": ["unfetch@4.2.0", "", {}, "sha512-F9p7yYCn6cIW9El1zi0HI6vqpeIvBsr3dSuRO6Xuppb1u5rXpCPmMvLSyECLhybr9isec8Ohl0hPekMVrEinDA=="],

    "window-or-global": ["window-or-global@1.0.1", "", {}, "sha512-tE12J/NenOv4xdVobD+AD3fT06T4KNqnzRhkv5nBIu7K+pvOH2oLCEgYP+i+5mF2jtI6FEADheOdZkA8YWET9w=="],
  }
}
